
Microsoft Visual Studio Solution File, Format Version 12.00
# Visual Studio Version 17
VisualStudioVersion = 17.0.31912.275
MinimumVisualStudioVersion = 10.0.40219.1
Project("{8BC9CEB8-8B4A-11D0-8D11-00A0C91BC942}") = "VoukoderPro", "VoukoderPro\VoukoderPro.vcxproj", "{B7ECD709-52F5-4BE9-9A2F-31BDE0863A0C}"
EndProject
Project("{2150E333-8FDC-42A3-9474-1A3956D46DE8}") = "AppPlugins", "AppPlugins", "{1F46DA19-F0F2-4342-856D-A91B4C72D82F}"
EndProject
Project("{2150E333-8FDC-42A3-9474-1A3956D46DE8}") = "Assets", "Assets", "{3E32BB61-3970-4C93-A6C5-22625D754736}"
EndProject
Project("{8BC9CEB8-8B4A-11D0-8D11-00A0C91BC942}") = "PremiereCCPlugin", "AppPlugins\PremiereCCPlugin\PremiereCCPlugin.vcxproj", "{FC38DE3F-9E2F-4698-BA2C-3E836827D33B}"
EndProject
Project("{8BC9CEB8-8B4A-11D0-8D11-00A0C91BC942}") = "DaVinciResolvePlugin", "AppPlugins\DaVinciResolvePlugin\DaVinciResolvePlugin.vcxproj", "{E797FE9F-BFCB-4329-BB49-40AAB24F3D52}"
EndProject
Project("{8BC9CEB8-8B4A-11D0-8D11-00A0C91BC942}") = "PluginInterface", "PluginInterface\PluginInterface.vcxproj", "{E200CDD3-4A86-4BF2-BF7A-59C34C173485}"
EndProject
Project("{2150E333-8FDC-42A3-9474-1A3956D46DE8}") = "Encoder", "Encoder", "{3EB97058-0A1B-4DF6-AFDF-2B22396FCF85}"
EndProject
Project("{2150E333-8FDC-42A3-9474-1A3956D46DE8}") = "Muxer", "Muxer", "{FF3EACAD-D177-4F63-BA25-19DBAD01FA6C}"
EndProject
Project("{2150E333-8FDC-42A3-9474-1A3956D46DE8}") = "Filter", "Filter", "{AE10279A-5D8E-45AB-8C1A-D1098686E0FB}"
EndProject
Project("{2150E333-8FDC-42A3-9474-1A3956D46DE8}") = "Output", "Output", "{2FB5534B-34D1-4B20-A4FF-5097E9203C74}"
EndProject
Project("{8BC9CEB8-8B4A-11D0-8D11-00A0C91BC942}") = "amf-encoders", "VoukoderProPlugins\AMFEncodersPlugin\AMFEncodersPlugin.vcxproj", "{24E0E51D-B3BD-4A32-B245-B93FF6C082E4}"
EndProject
Project("{8BC9CEB8-8B4A-11D0-8D11-00A0C91BC942}") = "ffmpeg-encoders", "VoukoderProPlugins\FFmpegEncodersPlugin\FFmpegEncodersPlugin.vcxproj", "{A23FED08-45E1-4B37-800F-85D5911EA20E}"
EndProject
Project("{8BC9CEB8-8B4A-11D0-8D11-00A0C91BC942}") = "lame-encoders", "VoukoderProPlugins\LAMEEncodersPlugin\LAMEEncodersPlugin.vcxproj", "{E161881C-05F1-4689-BC58-7CD0B2B262F4}"
EndProject
Project("{8BC9CEB8-8B4A-11D0-8D11-00A0C91BC942}") = "nvenc-encoders", "VoukoderProPlugins\NVENCEncodersPlugin\NVENCEncodersPlugin.vcxproj", "{4231770E-B3B4-448F-A387-F2ACF3A7B46F}"
EndProject
Project("{8BC9CEB8-8B4A-11D0-8D11-00A0C91BC942}") = "qsv-encoders", "VoukoderProPlugins\QSVEncodersPlugin\QSVEncodersPlugin.vcxproj", "{96E0A626-FAE6-404D-A2AD-CCD35D7430CD}"
EndProject
Project("{8BC9CEB8-8B4A-11D0-8D11-00A0C91BC942}") = "svt-encoders", "VoukoderProPlugins\SVTEncodersPlugin\SVTEncodersPlugin.vcxproj", "{2193E234-4939-4B12-A6B4-970557ED3EE8}"
EndProject
Project("{8BC9CEB8-8B4A-11D0-8D11-00A0C91BC942}") = "xiph-encoders", "VoukoderProPlugins\XiphEncodersPlugin\XiphEncodersPlugin.vcxproj", "{8A3CD3E0-61CA-4292-9F4B-27F00FF756DE}"
EndProject
Project("{8BC9CEB8-8B4A-11D0-8D11-00A0C91BC942}") = "ffmpeg-filters", "VoukoderProPlugins\FFmpegFiltersPlugin\FFmpegFiltersPlugin.vcxproj", "{066461BC-B6EF-4ACC-89BB-CE47032AB8D4}"
EndProject
Project("{8BC9CEB8-8B4A-11D0-8D11-00A0C91BC942}") = "ffmpeg-muxers", "VoukoderProPlugins\FFmpegMuxersPlugin\FFmpegMuxersPlugin.vcxproj", "{F64B0621-321B-441C-9CE5-44D54BE9B3DD}"
EndProject
Project("{8BC9CEB8-8B4A-11D0-8D11-00A0C91BC942}") = "ffmpeg-outputs", "VoukoderProPlugins\FFmpegOutputPlugin\FFmpegOutputPlugin.vcxproj", "{BD8EFE66-B2AD-4349-8A1A-567E98F19605}"
EndProject
Project("{930C7802-8A8C-48F9-8165-68863BCCD9DD}") = "Installer", "Installer\Installer.wixproj", "{4AB9850F-B56B-4895-A529-16341FE29E35}"
EndProject
Project("{2150E333-8FDC-42A3-9474-1A3956D46DE8}") = "PostProc", "PostProc", "{64820C27-116B-480A-8142-F49EEF35DED1}"
EndProject
Project("{8BC9CEB8-8B4A-11D0-8D11-00A0C91BC942}") = "exec-postproc", "VoukoderProPlugins\BasePostProcPlugin\BasePostProcPlugin.vcxproj", "{A9836C05-C9A1-4D5A-B768-D4945E7FA50E}"
EndProject
Project("{8BC9CEB8-8B4A-11D0-8D11-00A0C91BC942}") = "AfterEffectsPlugin", "AppPlugins\AfterEffectsPlugin\AfterEffectsPlugin.vcxproj", "{4BFC58B1-64E6-453D-82D7-24303CCDEE66}"
EndProject
Project("{8BC9CEB8-8B4A-11D0-8D11-00A0C91BC942}") = "VEGASProPlugin", "..\VoukoderPro-Confidential\AppPlugins\VEGASProPlugin\VEGASProPlugin.vcxproj", "{C9EB4CB5-D754-4945-B5AD-2CBFF886FA71}"
EndProject
Project("{8BC9CEB8-8B4A-11D0-8D11-00A0C91BC942}") = "VEGAS-SDK-libFileIO", "..\VoukoderPro-Confidential\AppPlugins\VEGASProPlugin\libFileIO\libFileIO.vcxproj", "{1DEBFF48-5C95-4CFF-A540-A8BE96D98A1F}"
EndProject
Project("{8BC9CEB8-8B4A-11D0-8D11-00A0C91BC942}") = "VEGAS-SDK-libUtil", "..\VoukoderPro-Confidential\AppPlugins\VEGASProPlugin\libUtil\libUtil.vcxproj", "{13950671-2401-47E0-BC17-12D002A2D5AC}"
EndProject
Global
	GlobalSection(SolutionConfigurationPlatforms) = preSolution
		Debug|x64 = Debug|x64
		Debug|x86 = Debug|x86
		DebugApp|x64 = DebugApp|x64
		DebugApp|x86 = DebugApp|x86
		Release|x64 = Release|x64
		Release|x86 = Release|x86
	EndGlobalSection
	GlobalSection(ProjectConfigurationPlatforms) = postSolution
		{B7ECD709-52F5-4BE9-9A2F-31BDE0863A0C}.Debug|x64.ActiveCfg = Debug|x64
		{B7ECD709-52F5-4BE9-9A2F-31BDE0863A0C}.Debug|x64.Build.0 = Debug|x64
		{B7ECD709-52F5-4BE9-9A2F-31BDE0863A0C}.Debug|x86.ActiveCfg = Debug|Win32
		{B7ECD709-52F5-4BE9-9A2F-31BDE0863A0C}.Debug|x86.Build.0 = Debug|Win32
		{B7ECD709-52F5-4BE9-9A2F-31BDE0863A0C}.DebugApp|x64.ActiveCfg = Debug|x64
		{B7ECD709-52F5-4BE9-9A2F-31BDE0863A0C}.DebugApp|x64.Build.0 = Debug|x64
		{B7ECD709-52F5-4BE9-9A2F-31BDE0863A0C}.DebugApp|x86.ActiveCfg = Debug|Win32
		{B7ECD709-52F5-4BE9-9A2F-31BDE0863A0C}.DebugApp|x86.Build.0 = Debug|Win32
		{B7ECD709-52F5-4BE9-9A2F-31BDE0863A0C}.Release|x64.ActiveCfg = Release|x64
		{B7ECD709-52F5-4BE9-9A2F-31BDE0863A0C}.Release|x64.Build.0 = Release|x64
		{B7ECD709-52F5-4BE9-9A2F-31BDE0863A0C}.Release|x86.ActiveCfg = Release|Win32
		{B7ECD709-52F5-4BE9-9A2F-31BDE0863A0C}.Release|x86.Build.0 = Release|Win32
		{FC38DE3F-9E2F-4698-BA2C-3E836827D33B}.Debug|x64.ActiveCfg = Debug|x64
		{FC38DE3F-9E2F-4698-BA2C-3E836827D33B}.Debug|x64.Build.0 = Debug|x64
		{FC38DE3F-9E2F-4698-BA2C-3E836827D33B}.Debug|x86.ActiveCfg = Debug|Win32
		{FC38DE3F-9E2F-4698-BA2C-3E836827D33B}.Debug|x86.Build.0 = Debug|Win32
		{FC38DE3F-9E2F-4698-BA2C-3E836827D33B}.DebugApp|x64.ActiveCfg = Debug|x64
		{FC38DE3F-9E2F-4698-BA2C-3E836827D33B}.DebugApp|x64.Build.0 = Debug|x64
		{FC38DE3F-9E2F-4698-BA2C-3E836827D33B}.DebugApp|x86.ActiveCfg = Debug|Win32
		{FC38DE3F-9E2F-4698-BA2C-3E836827D33B}.DebugApp|x86.Build.0 = Debug|Win32
		{FC38DE3F-9E2F-4698-BA2C-3E836827D33B}.Release|x64.ActiveCfg = Release|x64
		{FC38DE3F-9E2F-4698-BA2C-3E836827D33B}.Release|x64.Build.0 = Release|x64
		{FC38DE3F-9E2F-4698-BA2C-3E836827D33B}.Release|x86.ActiveCfg = Release|Win32
		{FC38DE3F-9E2F-4698-BA2C-3E836827D33B}.Release|x86.Build.0 = Release|Win32
		{E797FE9F-BFCB-4329-BB49-40AAB24F3D52}.Debug|x64.ActiveCfg = Debug|x64
		{E797FE9F-BFCB-4329-BB49-40AAB24F3D52}.Debug|x64.Build.0 = Debug|x64
		{E797FE9F-BFCB-4329-BB49-40AAB24F3D52}.Debug|x86.ActiveCfg = Debug|Win32
		{E797FE9F-BFCB-4329-BB49-40AAB24F3D52}.Debug|x86.Build.0 = Debug|Win32
		{E797FE9F-BFCB-4329-BB49-40AAB24F3D52}.DebugApp|x64.ActiveCfg = Debug|x64
		{E797FE9F-BFCB-4329-BB49-40AAB24F3D52}.DebugApp|x64.Build.0 = Debug|x64
		{E797FE9F-BFCB-4329-BB49-40AAB24F3D52}.DebugApp|x86.ActiveCfg = Debug|Win32
		{E797FE9F-BFCB-4329-BB49-40AAB24F3D52}.DebugApp|x86.Build.0 = Debug|Win32
		{E797FE9F-BFCB-4329-BB49-40AAB24F3D52}.Release|x64.ActiveCfg = Release|x64
		{E797FE9F-BFCB-4329-BB49-40AAB24F3D52}.Release|x64.Build.0 = Release|x64
		{E797FE9F-BFCB-4329-BB49-40AAB24F3D52}.Release|x86.ActiveCfg = Release|Win32
		{E797FE9F-BFCB-4329-BB49-40AAB24F3D52}.Release|x86.Build.0 = Release|Win32
		{E200CDD3-4A86-4BF2-BF7A-59C34C173485}.Debug|x64.ActiveCfg = Debug|x64
		{E200CDD3-4A86-4BF2-BF7A-59C34C173485}.Debug|x64.Build.0 = Debug|x64
		{E200CDD3-4A86-4BF2-BF7A-59C34C173485}.Debug|x86.ActiveCfg = Debug|Win32
		{E200CDD3-4A86-4BF2-BF7A-59C34C173485}.Debug|x86.Build.0 = Debug|Win32
		{E200CDD3-4A86-4BF2-BF7A-59C34C173485}.DebugApp|x64.ActiveCfg = Debug|x64
		{E200CDD3-4A86-4BF2-BF7A-59C34C173485}.DebugApp|x64.Build.0 = Debug|x64
		{E200CDD3-4A86-4BF2-BF7A-59C34C173485}.DebugApp|x86.ActiveCfg = Debug|Win32
		{E200CDD3-4A86-4BF2-BF7A-59C34C173485}.DebugApp|x86.Build.0 = Debug|Win32
		{E200CDD3-4A86-4BF2-BF7A-59C34C173485}.Release|x64.ActiveCfg = Release|x64
		{E200CDD3-4A86-4BF2-BF7A-59C34C173485}.Release|x64.Build.0 = Release|x64
		{E200CDD3-4A86-4BF2-BF7A-59C34C173485}.Release|x86.ActiveCfg = Release|Win32
		{E200CDD3-4A86-4BF2-BF7A-59C34C173485}.Release|x86.Build.0 = Release|Win32
		{24E0E51D-B3BD-4A32-B245-B93FF6C082E4}.Debug|x64.ActiveCfg = Debug|x64
		{24E0E51D-B3BD-4A32-B245-B93FF6C082E4}.Debug|x64.Build.0 = Debug|x64
		{24E0E51D-B3BD-4A32-B245-B93FF6C082E4}.Debug|x86.ActiveCfg = Debug|Win32
		{24E0E51D-B3BD-4A32-B245-B93FF6C082E4}.Debug|x86.Build.0 = Debug|Win32
		{24E0E51D-B3BD-4A32-B245-B93FF6C082E4}.DebugApp|x64.ActiveCfg = Debug|x64
		{24E0E51D-B3BD-4A32-B245-B93FF6C082E4}.DebugApp|x64.Build.0 = Debug|x64
		{24E0E51D-B3BD-4A32-B245-B93FF6C082E4}.DebugApp|x86.ActiveCfg = Debug|Win32
		{24E0E51D-B3BD-4A32-B245-B93FF6C082E4}.DebugApp|x86.Build.0 = Debug|Win32
		{24E0E51D-B3BD-4A32-B245-B93FF6C082E4}.Release|x64.ActiveCfg = Release|x64
		{24E0E51D-B3BD-4A32-B245-B93FF6C082E4}.Release|x64.Build.0 = Release|x64
		{24E0E51D-B3BD-4A32-B245-B93FF6C082E4}.Release|x86.ActiveCfg = Release|Win32
		{24E0E51D-B3BD-4A32-B245-B93FF6C082E4}.Release|x86.Build.0 = Release|Win32
		{A23FED08-45E1-4B37-800F-85D5911EA20E}.Debug|x64.ActiveCfg = Debug|x64
		{A23FED08-45E1-4B37-800F-85D5911EA20E}.Debug|x64.Build.0 = Debug|x64
		{A23FED08-45E1-4B37-800F-85D5911EA20E}.Debug|x86.ActiveCfg = Debug|Win32
		{A23FED08-45E1-4B37-800F-85D5911EA20E}.Debug|x86.Build.0 = Debug|Win32
		{A23FED08-45E1-4B37-800F-85D5911EA20E}.DebugApp|x64.ActiveCfg = Debug|x64
		{A23FED08-45E1-4B37-800F-85D5911EA20E}.DebugApp|x64.Build.0 = Debug|x64
		{A23FED08-45E1-4B37-800F-85D5911EA20E}.DebugApp|x86.ActiveCfg = Debug|Win32
		{A23FED08-45E1-4B37-800F-85D5911EA20E}.DebugApp|x86.Build.0 = Debug|Win32
		{A23FED08-45E1-4B37-800F-85D5911EA20E}.Release|x64.ActiveCfg = Release|x64
		{A23FED08-45E1-4B37-800F-85D5911EA20E}.Release|x64.Build.0 = Release|x64
		{A23FED08-45E1-4B37-800F-85D5911EA20E}.Release|x86.ActiveCfg = Release|Win32
		{A23FED08-45E1-4B37-800F-85D5911EA20E}.Release|x86.Build.0 = Release|Win32
		{E161881C-05F1-4689-BC58-7CD0B2B262F4}.Debug|x64.ActiveCfg = Debug|x64
		{E161881C-05F1-4689-BC58-7CD0B2B262F4}.Debug|x64.Build.0 = Debug|x64
		{E161881C-05F1-4689-BC58-7CD0B2B262F4}.Debug|x86.ActiveCfg = Debug|Win32
		{E161881C-05F1-4689-BC58-7CD0B2B262F4}.Debug|x86.Build.0 = Debug|Win32
		{E161881C-05F1-4689-BC58-7CD0B2B262F4}.DebugApp|x64.ActiveCfg = Debug|x64
		{E161881C-05F1-4689-BC58-7CD0B2B262F4}.DebugApp|x64.Build.0 = Debug|x64
		{E161881C-05F1-4689-BC58-7CD0B2B262F4}.DebugApp|x86.ActiveCfg = Debug|Win32
		{E161881C-05F1-4689-BC58-7CD0B2B262F4}.DebugApp|x86.Build.0 = Debug|Win32
		{E161881C-05F1-4689-BC58-7CD0B2B262F4}.Release|x64.ActiveCfg = Release|x64
		{E161881C-05F1-4689-BC58-7CD0B2B262F4}.Release|x64.Build.0 = Release|x64
		{E161881C-05F1-4689-BC58-7CD0B2B262F4}.Release|x86.ActiveCfg = Release|Win32
		{E161881C-05F1-4689-BC58-7CD0B2B262F4}.Release|x86.Build.0 = Release|Win32
		{4231770E-B3B4-448F-A387-F2ACF3A7B46F}.Debug|x64.ActiveCfg = Debug|x64
		{4231770E-B3B4-448F-A387-F2ACF3A7B46F}.Debug|x64.Build.0 = Debug|x64
		{4231770E-B3B4-448F-A387-F2ACF3A7B46F}.Debug|x86.ActiveCfg = Debug|Win32
		{4231770E-B3B4-448F-A387-F2ACF3A7B46F}.Debug|x86.Build.0 = Debug|Win32
		{4231770E-B3B4-448F-A387-F2ACF3A7B46F}.DebugApp|x64.ActiveCfg = Debug|x64
		{4231770E-B3B4-448F-A387-F2ACF3A7B46F}.DebugApp|x64.Build.0 = Debug|x64
		{4231770E-B3B4-448F-A387-F2ACF3A7B46F}.DebugApp|x86.ActiveCfg = Debug|Win32
		{4231770E-B3B4-448F-A387-F2ACF3A7B46F}.DebugApp|x86.Build.0 = Debug|Win32
		{4231770E-B3B4-448F-A387-F2ACF3A7B46F}.Release|x64.ActiveCfg = Release|x64
		{4231770E-B3B4-448F-A387-F2ACF3A7B46F}.Release|x64.Build.0 = Release|x64
		{4231770E-B3B4-448F-A387-F2ACF3A7B46F}.Release|x86.ActiveCfg = Release|Win32
		{4231770E-B3B4-448F-A387-F2ACF3A7B46F}.Release|x86.Build.0 = Release|Win32
		{96E0A626-FAE6-404D-A2AD-CCD35D7430CD}.Debug|x64.ActiveCfg = Debug|x64
		{96E0A626-FAE6-404D-A2AD-CCD35D7430CD}.Debug|x64.Build.0 = Debug|x64
		{96E0A626-FAE6-404D-A2AD-CCD35D7430CD}.Debug|x86.ActiveCfg = Debug|Win32
		{96E0A626-FAE6-404D-A2AD-CCD35D7430CD}.Debug|x86.Build.0 = Debug|Win32
		{96E0A626-FAE6-404D-A2AD-CCD35D7430CD}.DebugApp|x64.ActiveCfg = Debug|x64
		{96E0A626-FAE6-404D-A2AD-CCD35D7430CD}.DebugApp|x64.Build.0 = Debug|x64
		{96E0A626-FAE6-404D-A2AD-CCD35D7430CD}.DebugApp|x86.ActiveCfg = Debug|Win32
		{96E0A626-FAE6-404D-A2AD-CCD35D7430CD}.DebugApp|x86.Build.0 = Debug|Win32
		{96E0A626-FAE6-404D-A2AD-CCD35D7430CD}.Release|x64.ActiveCfg = Release|x64
		{96E0A626-FAE6-404D-A2AD-CCD35D7430CD}.Release|x64.Build.0 = Release|x64
		{96E0A626-FAE6-404D-A2AD-CCD35D7430CD}.Release|x86.ActiveCfg = Release|Win32
		{96E0A626-FAE6-404D-A2AD-CCD35D7430CD}.Release|x86.Build.0 = Release|Win32
		{2193E234-4939-4B12-A6B4-970557ED3EE8}.Debug|x64.ActiveCfg = Debug|x64
		{2193E234-4939-4B12-A6B4-970557ED3EE8}.Debug|x64.Build.0 = Debug|x64
		{2193E234-4939-4B12-A6B4-970557ED3EE8}.Debug|x86.ActiveCfg = Debug|Win32
		{2193E234-4939-4B12-A6B4-970557ED3EE8}.Debug|x86.Build.0 = Debug|Win32
		{2193E234-4939-4B12-A6B4-970557ED3EE8}.DebugApp|x64.ActiveCfg = Debug|x64
		{2193E234-4939-4B12-A6B4-970557ED3EE8}.DebugApp|x64.Build.0 = Debug|x64
		{2193E234-4939-4B12-A6B4-970557ED3EE8}.DebugApp|x86.ActiveCfg = Debug|Win32
		{2193E234-4939-4B12-A6B4-970557ED3EE8}.DebugApp|x86.Build.0 = Debug|Win32
		{2193E234-4939-4B12-A6B4-970557ED3EE8}.Release|x64.ActiveCfg = Release|x64
		{2193E234-4939-4B12-A6B4-970557ED3EE8}.Release|x64.Build.0 = Release|x64
		{2193E234-4939-4B12-A6B4-970557ED3EE8}.Release|x86.ActiveCfg = Release|Win32
		{2193E234-4939-4B12-A6B4-970557ED3EE8}.Release|x86.Build.0 = Release|Win32
		{8A3CD3E0-61CA-4292-9F4B-27F00FF756DE}.Debug|x64.ActiveCfg = Debug|x64
		{8A3CD3E0-61CA-4292-9F4B-27F00FF756DE}.Debug|x64.Build.0 = Debug|x64
		{8A3CD3E0-61CA-4292-9F4B-27F00FF756DE}.Debug|x86.ActiveCfg = Debug|Win32
		{8A3CD3E0-61CA-4292-9F4B-27F00FF756DE}.Debug|x86.Build.0 = Debug|Win32
		{8A3CD3E0-61CA-4292-9F4B-27F00FF756DE}.DebugApp|x64.ActiveCfg = Debug|x64
		{8A3CD3E0-61CA-4292-9F4B-27F00FF756DE}.DebugApp|x64.Build.0 = Debug|x64
		{8A3CD3E0-61CA-4292-9F4B-27F00FF756DE}.DebugApp|x86.ActiveCfg = Debug|Win32
		{8A3CD3E0-61CA-4292-9F4B-27F00FF756DE}.DebugApp|x86.Build.0 = Debug|Win32
		{8A3CD3E0-61CA-4292-9F4B-27F00FF756DE}.Release|x64.ActiveCfg = Release|x64
		{8A3CD3E0-61CA-4292-9F4B-27F00FF756DE}.Release|x64.Build.0 = Release|x64
		{8A3CD3E0-61CA-4292-9F4B-27F00FF756DE}.Release|x86.ActiveCfg = Release|Win32
		{8A3CD3E0-61CA-4292-9F4B-27F00FF756DE}.Release|x86.Build.0 = Release|Win32
		{066461BC-B6EF-4ACC-89BB-CE47032AB8D4}.Debug|x64.ActiveCfg = Debug|x64
		{066461BC-B6EF-4ACC-89BB-CE47032AB8D4}.Debug|x64.Build.0 = Debug|x64
		{066461BC-B6EF-4ACC-89BB-CE47032AB8D4}.Debug|x86.ActiveCfg = Debug|Win32
		{066461BC-B6EF-4ACC-89BB-CE47032AB8D4}.Debug|x86.Build.0 = Debug|Win32
		{066461BC-B6EF-4ACC-89BB-CE47032AB8D4}.DebugApp|x64.ActiveCfg = Debug|x64
		{066461BC-B6EF-4ACC-89BB-CE47032AB8D4}.DebugApp|x64.Build.0 = Debug|x64
		{066461BC-B6EF-4ACC-89BB-CE47032AB8D4}.DebugApp|x86.ActiveCfg = Debug|Win32
		{066461BC-B6EF-4ACC-89BB-CE47032AB8D4}.DebugApp|x86.Build.0 = Debug|Win32
		{066461BC-B6EF-4ACC-89BB-CE47032AB8D4}.Release|x64.ActiveCfg = Release|x64
		{066461BC-B6EF-4ACC-89BB-CE47032AB8D4}.Release|x64.Build.0 = Release|x64
		{066461BC-B6EF-4ACC-89BB-CE47032AB8D4}.Release|x86.ActiveCfg = Release|Win32
		{066461BC-B6EF-4ACC-89BB-CE47032AB8D4}.Release|x86.Build.0 = Release|Win32
		{F64B0621-321B-441C-9CE5-44D54BE9B3DD}.Debug|x64.ActiveCfg = Debug|x64
		{F64B0621-321B-441C-9CE5-44D54BE9B3DD}.Debug|x64.Build.0 = Debug|x64
		{F64B0621-321B-441C-9CE5-44D54BE9B3DD}.Debug|x86.ActiveCfg = Debug|Win32
		{F64B0621-321B-441C-9CE5-44D54BE9B3DD}.Debug|x86.Build.0 = Debug|Win32
		{F64B0621-321B-441C-9CE5-44D54BE9B3DD}.DebugApp|x64.ActiveCfg = Debug|x64
		{F64B0621-321B-441C-9CE5-44D54BE9B3DD}.DebugApp|x64.Build.0 = Debug|x64
		{F64B0621-321B-441C-9CE5-44D54BE9B3DD}.DebugApp|x86.ActiveCfg = Debug|Win32
		{F64B0621-321B-441C-9CE5-44D54BE9B3DD}.DebugApp|x86.Build.0 = Debug|Win32
		{F64B0621-321B-441C-9CE5-44D54BE9B3DD}.Release|x64.ActiveCfg = Release|x64
		{F64B0621-321B-441C-9CE5-44D54BE9B3DD}.Release|x64.Build.0 = Release|x64
		{F64B0621-321B-441C-9CE5-44D54BE9B3DD}.Release|x86.ActiveCfg = Release|Win32
		{F64B0621-321B-441C-9CE5-44D54BE9B3DD}.Release|x86.Build.0 = Release|Win32
		{BD8EFE66-B2AD-4349-8A1A-567E98F19605}.Debug|x64.ActiveCfg = Debug|x64
		{BD8EFE66-B2AD-4349-8A1A-567E98F19605}.Debug|x64.Build.0 = Debug|x64
		{BD8EFE66-B2AD-4349-8A1A-567E98F19605}.Debug|x86.ActiveCfg = Debug|Win32
		{BD8EFE66-B2AD-4349-8A1A-567E98F19605}.Debug|x86.Build.0 = Debug|Win32
		{BD8EFE66-B2AD-4349-8A1A-567E98F19605}.DebugApp|x64.ActiveCfg = Debug|x64
		{BD8EFE66-B2AD-4349-8A1A-567E98F19605}.DebugApp|x64.Build.0 = Debug|x64
		{BD8EFE66-B2AD-4349-8A1A-567E98F19605}.DebugApp|x86.ActiveCfg = Debug|Win32
		{BD8EFE66-B2AD-4349-8A1A-567E98F19605}.DebugApp|x86.Build.0 = Debug|Win32
		{BD8EFE66-B2AD-4349-8A1A-567E98F19605}.Release|x64.ActiveCfg = Release|x64
		{BD8EFE66-B2AD-4349-8A1A-567E98F19605}.Release|x64.Build.0 = Release|x64
		{BD8EFE66-B2AD-4349-8A1A-567E98F19605}.Release|x86.ActiveCfg = Release|Win32
		{BD8EFE66-B2AD-4349-8A1A-567E98F19605}.Release|x86.Build.0 = Release|Win32
		{4AB9850F-B56B-4895-A529-16341FE29E35}.Debug|x64.ActiveCfg = Debug|x64
		{4AB9850F-B56B-4895-A529-16341FE29E35}.Debug|x64.Build.0 = Debug|x64
		{4AB9850F-B56B-4895-A529-16341FE29E35}.Debug|x86.ActiveCfg = Debug|x86
		{4AB9850F-B56B-4895-A529-16341FE29E35}.Debug|x86.Build.0 = Debug|x86
		{4AB9850F-B56B-4895-A529-16341FE29E35}.DebugApp|x64.ActiveCfg = Debug|x64
		{4AB9850F-B56B-4895-A529-16341FE29E35}.DebugApp|x64.Build.0 = Debug|x64
		{4AB9850F-B56B-4895-A529-16341FE29E35}.DebugApp|x86.ActiveCfg = Debug|x86
		{4AB9850F-B56B-4895-A529-16341FE29E35}.DebugApp|x86.Build.0 = Debug|x86
		{4AB9850F-B56B-4895-A529-16341FE29E35}.Release|x64.ActiveCfg = Release|x64
		{4AB9850F-B56B-4895-A529-16341FE29E35}.Release|x64.Build.0 = Release|x64
		{4AB9850F-B56B-4895-A529-16341FE29E35}.Release|x86.ActiveCfg = Release|x86
		{4AB9850F-B56B-4895-A529-16341FE29E35}.Release|x86.Build.0 = Release|x86
		{A9836C05-C9A1-4D5A-B768-D4945E7FA50E}.Debug|x64.ActiveCfg = Debug|x64
		{A9836C05-C9A1-4D5A-B768-D4945E7FA50E}.Debug|x64.Build.0 = Debug|x64
		{A9836C05-C9A1-4D5A-B768-D4945E7FA50E}.Debug|x86.ActiveCfg = Debug|Win32
		{A9836C05-C9A1-4D5A-B768-D4945E7FA50E}.Debug|x86.Build.0 = Debug|Win32
		{A9836C05-C9A1-4D5A-B768-D4945E7FA50E}.DebugApp|x64.ActiveCfg = Debug|x64
		{A9836C05-C9A1-4D5A-B768-D4945E7FA50E}.DebugApp|x64.Build.0 = Debug|x64
		{A9836C05-C9A1-4D5A-B768-D4945E7FA50E}.DebugApp|x86.ActiveCfg = Debug|Win32
		{A9836C05-C9A1-4D5A-B768-D4945E7FA50E}.DebugApp|x86.Build.0 = Debug|Win32
		{A9836C05-C9A1-4D5A-B768-D4945E7FA50E}.Release|x64.ActiveCfg = Release|x64
		{A9836C05-C9A1-4D5A-B768-D4945E7FA50E}.Release|x64.Build.0 = Release|x64
		{A9836C05-C9A1-4D5A-B768-D4945E7FA50E}.Release|x86.ActiveCfg = Release|Win32
		{A9836C05-C9A1-4D5A-B768-D4945E7FA50E}.Release|x86.Build.0 = Release|Win32
		{4BFC58B1-64E6-453D-82D7-24303CCDEE66}.Debug|x64.ActiveCfg = Debug|x64
		{4BFC58B1-64E6-453D-82D7-24303CCDEE66}.Debug|x64.Build.0 = Debug|x64
		{4BFC58B1-64E6-453D-82D7-24303CCDEE66}.Debug|x86.ActiveCfg = Debug|x64
		{4BFC58B1-64E6-453D-82D7-24303CCDEE66}.Debug|x86.Build.0 = Debug|x64
		{4BFC58B1-64E6-453D-82D7-24303CCDEE66}.DebugApp|x64.ActiveCfg = Debug|x64
		{4BFC58B1-64E6-453D-82D7-24303CCDEE66}.DebugApp|x64.Build.0 = Debug|x64
		{4BFC58B1-64E6-453D-82D7-24303CCDEE66}.DebugApp|x86.ActiveCfg = Debug|x64
		{4BFC58B1-64E6-453D-82D7-24303CCDEE66}.DebugApp|x86.Build.0 = Debug|x64
		{4BFC58B1-64E6-453D-82D7-24303CCDEE66}.Release|x64.ActiveCfg = Release|x64
		{4BFC58B1-64E6-453D-82D7-24303CCDEE66}.Release|x64.Build.0 = Release|x64
		{4BFC58B1-64E6-453D-82D7-24303CCDEE66}.Release|x86.ActiveCfg = Release|x64
		{4BFC58B1-64E6-453D-82D7-24303CCDEE66}.Release|x86.Build.0 = Release|x64
		{C9EB4CB5-D754-4945-B5AD-2CBFF886FA71}.Debug|x64.ActiveCfg = Debug|x64
		{C9EB4CB5-D754-4945-B5AD-2CBFF886FA71}.Debug|x64.Build.0 = Debug|x64
		{C9EB4CB5-D754-4945-B5AD-2CBFF886FA71}.Debug|x86.ActiveCfg = Debug|x64
		{C9EB4CB5-D754-4945-B5AD-2CBFF886FA71}.Debug|x86.Build.0 = Debug|x64
		{C9EB4CB5-D754-4945-B5AD-2CBFF886FA71}.DebugApp|x64.ActiveCfg = Debug|x64
		{C9EB4CB5-D754-4945-B5AD-2CBFF886FA71}.DebugApp|x64.Build.0 = Debug|x64
		{C9EB4CB5-D754-4945-B5AD-2CBFF886FA71}.DebugApp|x86.ActiveCfg = Debug|x64
		{C9EB4CB5-D754-4945-B5AD-2CBFF886FA71}.DebugApp|x86.Build.0 = Debug|x64
		{C9EB4CB5-D754-4945-B5AD-2CBFF886FA71}.Release|x64.ActiveCfg = Release|x64
		{C9EB4CB5-D754-4945-B5AD-2CBFF886FA71}.Release|x64.Build.0 = Release|x64
		{C9EB4CB5-D754-4945-B5AD-2CBFF886FA71}.Release|x86.ActiveCfg = Release|x64
		{C9EB4CB5-D754-4945-B5AD-2CBFF886FA71}.Release|x86.Build.0 = Release|x64
		{1DEBFF48-5C95-4CFF-A540-A8BE96D98A1F}.Debug|x64.ActiveCfg = Debug|x64
		{1DEBFF48-5C95-4CFF-A540-A8BE96D98A1F}.Debug|x64.Build.0 = Debug|x64
		{1DEBFF48-5C95-4CFF-A540-A8BE96D98A1F}.Debug|x86.ActiveCfg = Debug|Win32
		{1DEBFF48-5C95-4CFF-A540-A8BE96D98A1F}.Debug|x86.Build.0 = Debug|Win32
		{1DEBFF48-5C95-4CFF-A540-A8BE96D98A1F}.DebugApp|x64.ActiveCfg = DebugApp|x64
		{1DEBFF48-5C95-4CFF-A540-A8BE96D98A1F}.DebugApp|x64.Build.0 = DebugApp|x64
		{1DEBFF48-5C95-4CFF-A540-A8BE96D98A1F}.DebugApp|x86.ActiveCfg = DebugApp|Win32
		{1DEBFF48-5C95-4CFF-A540-A8BE96D98A1F}.DebugApp|x86.Build.0 = DebugApp|Win32
		{1DEBFF48-5C95-4CFF-A540-A8BE96D98A1F}.Release|x64.ActiveCfg = Release|x64
		{1DEBFF48-5C95-4CFF-A540-A8BE96D98A1F}.Release|x64.Build.0 = Release|x64
		{1DEBFF48-5C95-4CFF-A540-A8BE96D98A1F}.Release|x86.ActiveCfg = Release|Win32
		{1DEBFF48-5C95-4CFF-A540-A8BE96D98A1F}.Release|x86.Build.0 = Release|Win32
		{13950671-2401-47E0-BC17-12D002A2D5AC}.Debug|x64.ActiveCfg = Debug|x64
		{13950671-2401-47E0-BC17-12D002A2D5AC}.Debug|x64.Build.0 = Debug|x64
		{13950671-2401-47E0-BC17-12D002A2D5AC}.Debug|x86.ActiveCfg = Debug|Win32
		{13950671-2401-47E0-BC17-12D002A2D5AC}.Debug|x86.Build.0 = Debug|Win32
		{13950671-2401-47E0-BC17-12D002A2D5AC}.DebugApp|x64.ActiveCfg = DebugApp|x64
		{13950671-2401-47E0-BC17-12D002A2D5AC}.DebugApp|x64.Build.0 = DebugApp|x64
		{13950671-2401-47E0-BC17-12D002A2D5AC}.DebugApp|x86.ActiveCfg = DebugApp|Win32
		{13950671-2401-47E0-BC17-12D002A2D5AC}.DebugApp|x86.Build.0 = DebugApp|Win32
		{13950671-2401-47E0-BC17-12D002A2D5AC}.Release|x64.ActiveCfg = Release|x64
		{13950671-2401-47E0-BC17-12D002A2D5AC}.Release|x64.Build.0 = Release|x64
		{13950671-2401-47E0-BC17-12D002A2D5AC}.Release|x86.ActiveCfg = Release|Win32
		{13950671-2401-47E0-BC17-12D002A2D5AC}.Release|x86.Build.0 = Release|Win32
	EndGlobalSection
	GlobalSection(SolutionProperties) = preSolution
		HideSolutionNode = FALSE
	EndGlobalSection
	GlobalSection(NestedProjects) = preSolution
		{FC38DE3F-9E2F-4698-BA2C-3E836827D33B} = {1F46DA19-F0F2-4342-856D-A91B4C72D82F}
		{E797FE9F-BFCB-4329-BB49-40AAB24F3D52} = {1F46DA19-F0F2-4342-856D-A91B4C72D82F}
		{3EB97058-0A1B-4DF6-AFDF-2B22396FCF85} = {3E32BB61-3970-4C93-A6C5-22625D754736}
		{FF3EACAD-D177-4F63-BA25-19DBAD01FA6C} = {3E32BB61-3970-4C93-A6C5-22625D754736}
		{AE10279A-5D8E-45AB-8C1A-D1098686E0FB} = {3E32BB61-3970-4C93-A6C5-22625D754736}
		{2FB5534B-34D1-4B20-A4FF-5097E9203C74} = {3E32BB61-3970-4C93-A6C5-22625D754736}
		{24E0E51D-B3BD-4A32-B245-B93FF6C082E4} = {3EB97058-0A1B-4DF6-AFDF-2B22396FCF85}
		{A23FED08-45E1-4B37-800F-85D5911EA20E} = {3EB97058-0A1B-4DF6-AFDF-2B22396FCF85}
		{E161881C-05F1-4689-BC58-7CD0B2B262F4} = {3EB97058-0A1B-4DF6-AFDF-2B22396FCF85}
		{4231770E-B3B4-448F-A387-F2ACF3A7B46F} = {3EB97058-0A1B-4DF6-AFDF-2B22396FCF85}
		{96E0A626-FAE6-404D-A2AD-CCD35D7430CD} = {3EB97058-0A1B-4DF6-AFDF-2B22396FCF85}
		{2193E234-4939-4B12-A6B4-970557ED3EE8} = {3EB97058-0A1B-4DF6-AFDF-2B22396FCF85}
		{8A3CD3E0-61CA-4292-9F4B-27F00FF756DE} = {3EB97058-0A1B-4DF6-AFDF-2B22396FCF85}
		{066461BC-B6EF-4ACC-89BB-CE47032AB8D4} = {AE10279A-5D8E-45AB-8C1A-D1098686E0FB}
		{F64B0621-321B-441C-9CE5-44D54BE9B3DD} = {FF3EACAD-D177-4F63-BA25-19DBAD01FA6C}
		{BD8EFE66-B2AD-4349-8A1A-567E98F19605} = {2FB5534B-34D1-4B20-A4FF-5097E9203C74}
		{64820C27-116B-480A-8142-F49EEF35DED1} = {3E32BB61-3970-4C93-A6C5-22625D754736}
		{A9836C05-C9A1-4D5A-B768-D4945E7FA50E} = {64820C27-116B-480A-8142-F49EEF35DED1}
		{4BFC58B1-64E6-453D-82D7-24303CCDEE66} = {1F46DA19-F0F2-4342-856D-A91B4C72D82F}
		{C9EB4CB5-D754-4945-B5AD-2CBFF886FA71} = {1F46DA19-F0F2-4342-856D-A91B4C72D82F}
		{1DEBFF48-5C95-4CFF-A540-A8BE96D98A1F} = {1F46DA19-F0F2-4342-856D-A91B4C72D82F}
		{13950671-2401-47E0-BC17-12D002A2D5AC} = {1F46DA19-F0F2-4342-856D-A91B4C72D82F}
	EndGlobalSection
	GlobalSection(ExtensibilityGlobals) = postSolution
		SolutionGuid = {23C01008-96ED-4754-BD2B-313EF7FFFD8A}
	EndGlobalSection
EndGlobal
